github.com/theNewDynamic/hugo-component-tnd-blocks v0.0.0-20200618163712-a1fce85c0c7b/go.mod h1:VnztlqJpuK/eTa1KFBvyNCg3OgBGIwCxfccBMLJY3LM=
github.com/theNewDynamic/hugo-layout_module-base v0.0.0-20210503172815-58d023fa7345/go.mod h1:QI32v9rhLXH2DFnTmyW5xjiw45GcUNUoks0DxdMeWy0=
github.com/theNewDynamic/hugo-layout_module-books v0.0.0-20190815205753-3dfb6f6b9b30/go.mod h1:7oDMy9D9E16ubn5p0iLL2rOodHvJ0Y9A5pzzWyL1OFI=
github.com/theNewDynamic/hugo-layout_module-events v0.0.0-20190603181923-82d7a9938c40/go.mod h1:kmZUfbUGnrhkHzn4v6iATXhmbmagC4XnA0OW8FPobm0=
github.com/theNewDynamic/hugo-module-tnd-addtocal v0.0.0-20210329170110-05f9c52fbb4d/go.mod h1:LZr+ma6fUL1bpVkf2TOyJDWtrR4PMuffdlbSej3r5TI=
github.com/theNewDynamic/hugo-module-tnd-books v0.0.0-20210513163346-3529f63e064f/go.mod h1:TdaxDaT3NKAmACVDPufOGCYivfO8Ty8d0ThXPPEvlYk=
github.com/theNewDynamic/hugo-module-tnd-env v0.0.0-20210512181247-90dd1a287016/go.mod h1:IKV0f84Fz5bzRjWzq8vlwO3EdDe0yog//Fqx1QnddZU=
github.com/theNewDynamic/hugo-module-tnd-events v0.0.0-20210518184329-a622ef0433fb/go.mod h1:g8zxx/XdjIQZX+Vy3kf7rU2gtMTjwvgLHhuQKYo9pJk=
github.com/theNewDynamic/hugo-module-tnd-forms v0.0.0-20210215134930-f4988c330b3b/go.mod h1:j9sQrPJ9va1OJYgokFkc15g/Y8BeeWzW26nJqtI8puQ=
github.com/theNewDynamic/hugo-module-tnd-func v0.0.0-20210316194241-a6d99cfae5a6/go.mod h1:Fdh6YRjGcYtxRneIRINEtlRbjPv7B8rqVRo6Ug+ynwA=
github.com/theNewDynamic/hugo-module-tnd-headers v0.1.4/go.mod h1:L1vGtRuZCVVcfFHnLokvtQ9hlsfN/jiUem8O17VYeZo=
github.com/theNewDynamic/hugo-module-tnd-icons v0.1.4/go.mod h1:5P8x9n4dAq+JChj5o0nUsF5G3ucNQglFoeAn5c1Me9A=
github.com/theNewDynamic/hugo-module-tnd-imgix v0.2.2/go.mod h1:6P3SwYL7H/KccxwrB7BDl+wJW2qzaLTnVDf9m+Uj/Uo=
github.com/theNewDynamic/hugo-module-tnd-media v0.0.0-20210510200733-51e435159ad7/go.mod h1:5kGUg8NNAfXvsiXl2y910hJEjMkfQbmO1m1vXcehZiA=
github.com/theNewDynamic/hugo-module-tnd-menus v0.0.0-20210322205111-03cfde5da487/go.mod h1:JS9FfAjzL8RbYx5wfQwqn+BqHpODA/aU8crYZRcAMI4=
github.com/theNewDynamic/hugo-module-tnd-netlifycms v0.1.71/go.mod h1:nq9tIR0Xpx2W2mSQHfJya2OvAfgYOMveqrllijA27vo=
github.com/theNewDynamic/hugo-module-tnd-redirects v1.2.4/go.mod h1:UG+i6GOMCwA+ZbpQ9DXX8ImoW4IEY0tKfJ0/EiUZLLg=
github.com/theNewDynamic/hugo-module-tnd-scripts v0.0.0-20210512182152-9e0809896a22/go.mod h1:6hs37u8aFKho7Rb9EypgTSTzWaP+4Pg+G78+8QyaYV0=
github.com/theNewDynamic/hugo-module-tnd-seo v0.1.8/go.mod h1:VY3Qvzif9T0Z0rjR85ufUQE1wrS/M5VZC9Dx1V8Vo8Y=
github.com/theNewDynamic/hugo-module-tnd-socials v0.1.5/go.mod h1:7WIDUEYoiQVRZVPYPXpTLhSh+J25fPYJuCGNsYby3DM=
github.com/theNewDynamic/hugo-module-tnd-styles v0.7.4/go.mod h1:Ih6Fi3sn/qasVNDN3wXpO5NDH16G1o7QeY/EoKfxGcI=
github.com/theNewDynamic/hugo-module-tnd-tags v0.0.0-20201216162006-4a63841356ad/go.mod h1:fuXjv9Nbt2hi6oaOVAqhPRrS4hL9uYcwroo6V/Mw7Uk=
